// !$*UTF8*$!
{
	archiveVersion = 1;
	classes = {
	};
	objectVersion = 46;
	objects = {

/* Begin PBXBuildFile section */
		F3D699AA1DD5C5C200A71CDA /* main.m in Sources */ = {isa = PBXBuildFile; fileRef = F3D699A91DD5C5C200A71CDA /* main.m */; };
		F3D699AD1DD5C5C200A71CDA /* AppDelegate.m in Sources */ = {isa = PBXBuildFile; fileRef = F3D699AC1DD5C5C200A71CDA /* AppDelegate.m */; };
		F3D699B01DD5C5C200A71CDA /* ViewController.m in Sources */ = {isa = PBXBuildFile; fileRef = F3D699AF1DD5C5C200A71CDA /* ViewController.m */; };
		F3D699B31DD5C5C200A71CDA /* Main.storyboard in Resources */ = {isa = PBXBuildFile; fileRef = F3D699B11DD5C5C200A71CDA /* Main.storyboard */; };
		F3D699B51DD5C5C200A71CDA /* Assets.xcassets in Resources */ = {isa = PBXBuildFile; fileRef = F3D699B41DD5C5C200A71CDA /* Assets.xcassets */; };
		F3D699B81DD5C5C200A71CDA /* LaunchScreen.storyboard in Resources */ = {isa = PBXBuildFile; fileRef = F3D699B61DD5C5C200A71CDA /* LaunchScreen.storyboard */; };
		F3D699C31DD5C5C200A71CDA /* _____Tests.m in Sources */ = {isa = PBXBuildFile; fileRef = F3D699C21DD5C5C200A71CDA /* _____Tests.m */; };
		F3D699CE1DD5C5C200A71CDA /* _____UITests.m in Sources */ = {isa = PBXBuildFile; fileRef = F3D699CD1DD5C5C200A71CDA /* _____UITests.m */; };
		F3D699DF1DD5C5D100A71CDA /* BasicView.m in Sources */ = {isa = PBXBuildFile; fileRef = F3D699DC1DD5C5D100A71CDA /* BasicView.m */; };
		F3D699E01DD5C5D100A71CDA /* TimeLineView.m in Sources */ = {isa = PBXBuildFile; fileRef = F3D699DE1DD5C5D100A71CDA /* TimeLineView.m */; };
/* End PBXBuildFile section */

/* Begin PBXContainerItemProxy section */
		F3D699BF1DD5C5C200A71CDA /* PBXContainerItemProxy */ = {
			isa = PBXContainerItemProxy;
			containerPortal = F3D6999D1DD5C5C200A71CDA /* Project object */;
			proxyType = 1;
			remoteGlobalIDString = F3D699A41DD5C5C200A71CDA;
			remoteInfo = "横向时间轴";
		};
		F3D699CA1DD5C5C200A71CDA /* PBXContainerItemProxy */ = {
			isa = PBXContainerItemProxy;
			containerPortal = F3D6999D1DD5C5C200A71CDA /* Project object */;
			proxyType = 1;
			remoteGlobalIDString = F3D699A41DD5C5C200A71CDA;
			remoteInfo = "横向时间轴";
		};
/* End PBXContainerItemProxy section */

/* Begin PBXFileReference section */
		F3D699A51DD5C5C200A71CDA /* 横向时间轴.app */ = {isa = PBXFileReference; explicitFileType = wrapper.application; includeInIndex = 0; path = "横向时间轴.app"; sourceTree = BUILT_PRODUCTS_DIR; };
		F3D699A91DD5C5C200A71CDA /* main.m */ = {isa = PBXFileReference; lastKnownFileType = sourcecode.c.objc; path = main.m; sourceTree = "<group>"; };
		F3D699AB1DD5C5C200A71CDA /* AppDelegate.h */ = {isa = PBXFileReference; lastKnownFileType = sourcecode.c.h; path = AppDelegate.h; sourceTree = "<group>"; };
		F3D699AC1DD5C5C200A71CDA /* AppDelegate.m */ = {isa = PBXFileReference; lastKnownFileType = sourcecode.c.objc; path = AppDelegate.m; sourceTree = "<group>"; };
		F3D699AE1DD5C5C200A71CDA /* ViewController.h */ = {isa = PBXFileReference; lastKnownFileType = sourcecode.c.h; path = ViewController.h; sourceTree = "<group>"; };
		F3D699AF1DD5C5C200A71CDA /* ViewController.m */ = {isa = PBXFileReference; lastKnownFileType = sourcecode.c.objc; path = ViewController.m; sourceTree = "<group>"; };
		F3D699B21DD5C5C200A71CDA /* Base */ = {isa = PBXFileReference; lastKnownFileType = file.storyboard; name = Base; path = Base.lproj/Main.storyboard; sourceTree = "<group>"; };
		F3D699B41DD5C5C200A71CDA /* Assets.xcassets */ = {isa = PBXFileReference; lastKnownFileType = folder.assetcatalog; path = Assets.xcassets; sourceTree = "<group>"; };
		F3D699B71DD5C5C200A71CDA /* Base */ = {isa = PBXFileReference; lastKnownFileType = file.storyboard; name = Base; path = Base.lproj/LaunchScreen.storyboard; sourceTree = "<group>"; };
		F3D699B91DD5C5C200A71CDA /* Info.plist */ = {isa = PBXFileReference; lastKnownFileType = text.plist.xml; path = Info.plist; sourceTree = "<group>"; };
		F3D699BE1DD5C5C200A71CDA /* 横向时间轴Tests.xctest */ = {isa = PBXFileReference; explicitFileType = wrapper.cfbundle; includeInIndex = 0; path = "横向时间轴Tests.xctest"; sourceTree = BUILT_PRODUCTS_DIR; };
		F3D699C21DD5C5C200A71CDA /* _____Tests.m */ = {isa = PBXFileReference; lastKnownFileType = sourcecode.c.objc; path = "_____Tests.m"; sourceTree = "<group>"; };
		F3D699C41DD5C5C200A71CDA /* Info.plist */ = {isa = PBXFileReference; lastKnownFileType = text.plist.xml; path = Info.plist; sourceTree = "<group>"; };
		F3D699C91DD5C5C200A71CDA /* 横向时间轴UITests.xctest */ = {isa = PBXFileReference; explicitFileType = wrapper.cfbundle; includeInIndex = 0; path = "横向时间轴UITests.xctest"; sourceTree = BUILT_PRODUCTS_DIR; };
		F3D699CD1DD5C5C200A71CDA /* _____UITests.m */ = {isa = PBXFileReference; lastKnownFileType = sourcecode.c.objc; path = "_____UITests.m"; sourceTree = "<group>"; };
		F3D699CF1DD5C5C200A71CDA /* Info.plist */ = {isa = PBXFileReference; lastKnownFileType = text.plist.xml; path = Info.plist; sourceTree = "<group>"; };
		F3D699DB1DD5C5D100A71CDA /* BasicView.h */ = {isa = PBXFileReference; fileEncoding = 4; lastKnownFileType = sourcecode.c.h; path = BasicView.h; sourceTree = "<group>"; };
		F3D699DC1DD5C5D100A71CDA /* BasicView.m */ = {isa = PBXFileReference; fileEncoding = 4; lastKnownFileType = sourcecode.c.objc; path = BasicView.m; sourceTree = "<group>"; };
		F3D699DD1DD5C5D100A71CDA /* TimeLineView.h */ = {isa = PBXFileReference; fileEncoding = 4; lastKnownFileType = sourcecode.c.h; path = TimeLineView.h; sourceTree = "<group>"; };
		F3D699DE1DD5C5D100A71CDA /* TimeLineView.m */ = {isa = PBXFileReference; fileEncoding = 4; lastKnownFileType = sourcecode.c.objc; path = TimeLineView.m; sourceTree = "<group>"; };
/* End PBXFileReference section */

/* Begin PBXFrameworksBuildPhase section */
		F3D699A21DD5C5C200A71CDA /* Frameworks */ = {
			isa = PBXFrameworksBuildPhase;
			buildActionMask = 2147483647;
			files = (
			);
			runOnlyForDeploymentPostprocessing = 0;
		};
		F3D699BB1DD5C5C200A71CDA /* Frameworks */ = {
			isa = PBXFrameworksBuildPhase;
			buildActionMask = 2147483647;
			files = (
			);
			runOnlyForDeploymentPostprocessing = 0;
		};
		F3D699C61DD5C5C200A71CDA /* Frameworks */ = {
			isa = PBXFrameworksBuildPhase;
			buildActionMask = 2147483647;
			files = (
			);
			runOnlyForDeploymentPostprocessing = 0;
		};
/* End PBXFrameworksBuildPhase section */

/* Begin PBXGroup section */
		F3D6999C1DD5C5C200A71CDA = {
			isa = PBXGroup;
			children = (
				F3D699A71DD5C5C200A71CDA /* 横向时间轴 */,
				F3D699C11DD5C5C200A71CDA /* 横向时间轴Tests */,
				F3D699CC1DD5C5C200A71CDA /* 横向时间轴UITests */,
				F3D699A61DD5C5C200A71CDA /* Products */,
			);
			sourceTree = "<group>";
		};
		F3D699A61DD5C5C200A71CDA /* Products */ = {
			isa = PBXGroup;
			children = (
				F3D699A51DD5C5C200A71CDA /* 横向时间轴.app */,
				F3D699BE1DD5C5C200A71CDA /* 横向时间轴Tests.xctest */,
				F3D699C91DD5C5C200A71CDA /* 横向时间轴UITests.xctest */,
			);
			name = Products;
			sourceTree = "<group>";
		};
		F3D699A71DD5C5C200A71CDA /* 横向时间轴 */ = {
			isa = PBXGroup;
			children = (
				F3D699DB1DD5C5D100A71CDA /* BasicView.h */,
				F3D699DC1DD5C5D100A71CDA /* BasicView.m */,
				F3D699DD1DD5C5D100A71CDA /* TimeLineView.h */,
				F3D699DE1DD5C5D100A71CDA /* TimeLineView.m */,
				F3D699AB1DD5C5C200A71CDA /* AppDelegate.h */,
				F3D699AC1DD5C5C200A71CDA /* AppDelegate.m */,
				F3D699AE1DD5C5C200A71CDA /* ViewController.h */,
				F3D699AF1DD5C5C200A71CDA /* ViewController.m */,
				F3D699B11DD5C5C200A71CDA /* Main.storyboard */,
				F3D699B41DD5C5C200A71CDA /* Assets.xcassets */,
				F3D699B61DD5C5C200A71CDA /* LaunchScreen.storyboard */,
				F3D699B91DD5C5C200A71CDA /* Info.plist */,
				F3D699A81DD5C5C200A71CDA /* Supporting Files */,
			);
			path = "横向时间轴";
			sourceTree = "<group>";
		};
		F3D699A81DD5C5C200A71CDA /* Supporting Files */ = {
			isa = PBXGroup;
			children = (
				F3D699A91DD5C5C200A71CDA /* main.m */,
			);
			name = "Supporting Files";
			sourceTree = "<group>";
		};
		F3D699C11DD5C5C200A71CDA /* 横向时间轴Tests */ = {
			isa = PBXGroup;
			children = (
				F3D699C21DD5C5C200A71CDA /* _____Tests.m */,
				F3D699C41DD5C5C200A71CDA /* Info.plist */,
			);
			path = "横向时间轴Tests";
			sourceTree = "<group>";
		};
		F3D699CC1DD5C5C200A71CDA /* 横向时间轴UITests */ = {
			isa = PBXGroup;
			children = (
				F3D699CD1DD5C5C200A71CDA /* _____UITests.m */,
				F3D699CF1DD5C5C200A71CDA /* Info.plist */,
			);
			path = "横向时间轴UITests";
			sourceTree = "<group>";
		};
/* End PBXGroup section */

/* Begin PBXNativeTarget section */
		F3D699A41DD5C5C200A71CDA /* 横向时间轴 */ = {
			isa = PBXNativeTarget;
			buildConfigurationList = F3D699D21DD5C5C200A71CDA /* Build configuration list for PBXNativeTarget "横向时间轴" */;
			buildPhases = (
				F3D699A11DD5C5C200A71CDA /* Sources */,
				F3D699A21DD5C5C200A71CDA /* Frameworks */,
				F3D699A31DD5C5C200A71CDA /* Resources */,
			);
			buildRules = (
			);
			dependencies = (
			);
			name = "横向时间轴";
			productName = "横向时间轴";
			productReference = F3D699A51DD5C5C200A71CDA /* 横向时间轴.app */;
			productType = "com.apple.product-type.application";
		};
		F3D699BD1DD5C5C200A71CDA /* 横向时间轴Tests */ = {
			isa = PBXNativeTarget;
			buildConfigurationList = F3D699D51DD5C5C200A71CDA /* Build configuration list for PBXNativeTarget "横向时间轴Tests" */;
			buildPhases = (
				F3D699BA1DD5C5C200A71CDA /* Sources */,
				F3D699BB1DD5C5C200A71CDA /* Frameworks */,
				F3D699BC1DD5C5C200A71CDA /* Resources */,
			);
			buildRules = (
			);
			dependencies = (
				F3D699C01DD5C5C200A71CDA /* PBXTargetDependency */,
			);
			name = "横向时间轴Tests";
			productName = "横向时间轴Tests";
			productReference = F3D699BE1DD5C5C200A71CDA /* 横向时间轴Tests.xctest */;
			productType = "com.apple.product-type.bundle.unit-test";
		};
		F3D699C81DD5C5C200A71CDA /* 横向时间轴UITests */ = {
			isa = PBXNativeTarget;
			buildConfigurationList = F3D699D81DD5C5C200A71CDA /* Build configuration list for PBXNativeTarget "横向时间轴UITests" */;
			buildPhases = (
				F3D699C51DD5C5C200A71CDA /* Sources */,
				F3D699C61DD5C5C200A71CDA /* Frameworks */,
				F3D699C71DD5C5C200A71CDA /* Resources */,
			);
			buildRules = (
			);
			dependencies = (
				F3D699CB1DD5C5C200A71CDA /* PBXTargetDependency */,
			);
			name = "横向时间轴UITests";
			productName = "横向时间轴UITests";
			productReference = F3D699C91DD5C5C200A71CDA /* 横向时间轴UITests.xctest */;
			productType = "com.apple.product-type.bundle.ui-testing";
		};
/* End PBXNativeTarget section */

/* Begin PBXProject section */
		F3D6999D1DD5C5C200A71CDA /* Project object */ = {
			isa = PBXProject;
			attributes = {
				LastUpgradeCheck = 0810;
				ORGANIZATIONNAME = anqianmo;
				TargetAttributes = {
					F3D699A41DD5C5C200A71CDA = {
						CreatedOnToolsVersion = 8.1;
						ProvisioningStyle = Automatic;
					};
					F3D699BD1DD5C5C200A71CDA = {
						CreatedOnToolsVersion = 8.1;
						ProvisioningStyle = Automatic;
						TestTargetID = F3D699A41DD5C5C200A71CDA;
					};
					F3D699C81DD5C5C200A71CDA = {
						CreatedOnToolsVersion = 8.1;
						ProvisioningStyle = Automatic;
						TestTargetID = F3D699A41DD5C5C200A71CDA;
					};
				};
			};
			buildConfigurationList = F3D699A01DD5C5C200A71CDA /* Build configuration list for PBXProject "横向时间轴" */;
			compatibilityVersion = "Xcode 3.2";
			developmentRegion = English;
			hasScannedForEncodings = 0;
			knownRegions = (
				en,
				Base,
			);
			mainGroup = F3D6999C1DD5C5C200A71CDA;
			productRefGroup = F3D699A61DD5C5C200A71CDA /* Products */;
			projectDirPath = "";
			projectRoot = "";
			targets = (
				F3D699A41DD5C5C200A71CDA /* 横向时间轴 */,
				F3D699BD1DD5C5C200A71CDA /* 横向时间轴Tests */,
				F3D699C81DD5C5C200A71CDA /* 横向时间轴UITests */,
			);
		};
/* End PBXProject section */

/* Begin PBXResourcesBuildPhase section */
		F3D699A31DD5C5C200A71CDA /* Resources */ = {
			isa = PBXResourcesBuildPhase;
			buildActionMask = 2147483647;
			files = (
				F3D699B81DD5C5C200A71CDA /* LaunchScreen.storyboard in Resources */,
				F3D699B51DD5C5C200A71CDA /* Assets.xcassets in Resources */,
				F3D699B31DD5C5C200A71CDA /* Main.storyboard in Resources */,
			);
			runOnlyForDeploymentPostprocessing = 0;
		};
		F3D699BC1DD5C5C200A71CDA /* Resources */ = {
			isa = PBXResourcesBuildPhase;
			buildActionMask = 2147483647;
			files = (
			);
			runOnlyForDeploymentPostprocessing = 0;
		};
		F3D699C71DD5C5C200A71CDA /* Resources */ = {
			isa = PBXResourcesBuildPhase;
			buildActionMask = 2147483647;
			files = (
			);
			runOnlyForDeploymentPostprocessing = 0;
		};
/* End PBXResourcesBuildPhase section */

/* Begin PBXSourcesBuildPhase section */
		F3D699A11DD5C5C200A71CDA /* Sources */ = {
			isa = PBXSourcesBuildPhase;
			buildActionMask = 2147483647;
			files = (
				F3D699E01DD5C5D100A71CDA /* TimeLineView.m in Sources */,
				F3D699B01DD5C5C200A71CDA /* ViewController.m in Sources */,
				F3D699AD1DD5C5C200A71CDA /* AppDelegate.m in Sources */,
				F3D699AA1DD5C5C200A71CDA /* main.m in Sources */,
				F3D699DF1DD5C5D100A71CDA /* BasicView.m in Sources */,
			);
			runOnlyForDeploymentPostprocessing = 0;
		};
		F3D699BA1DD5C5C200A71CDA /* Sources */ = {
			isa = PBXSourcesBuildPhase;
			buildActionMask = 2147483647;
			files = (
				F3D699C31DD5C5C200A71CDA /* _____Tests.m in Sources */,
			);
			runOnlyForDeploymentPostprocessing = 0;
		};
		F3D699C51DD5C5C200A71CDA /* Sources */ = {
			isa = PBXSourcesBuildPhase;
			buildActionMask = 2147483647;
			files = (
				F3D699CE1DD5C5C200A71CDA /* _____UITests.m in Sources */,
			);
			runOnlyForDeploymentPostprocessing = 0;
		};
/* End PBXSourcesBuildPhase section */

/* Begin PBXTargetDependency section */
		F3D699C01DD5C5C200A71CDA /* PBXTargetDependency */ = {
			isa = PBXTargetDependency;
			target = F3D699A41DD5C5C200A71CDA /* 横向时间轴 */;
			targetProxy = F3D699BF1DD5C5C200A71CDA /* PBXContainerItemProxy */;
		};
		F3D699CB1DD5C5C200A71CDA /* PBXTargetDependency */ = {
			isa = PBXTargetDependency;
			target = F3D699A41DD5C5C200A71CDA /* 横向时间轴 */;
			targetProxy = F3D699CA1DD5C5C200A71CDA /* PBXContainerItemProxy */;
		};
/* End PBXTargetDependency section */

/* Begin PBXVariantGroup section */
		F3D699B11DD5C5C200A71CDA /* Main.storyboard */ = {
			isa = PBXVariantGroup;
			children = (
				F3D699B21DD5C5C200A71CDA /* Base */,
			);
			name = Main.storyboard;
			sourceTree = "<group>";
		};
		F3D699B61DD5C5C200A71CDA /* LaunchScreen.storyboard */ = {
			isa = PBXVariantGroup;
			children = (
				F3D699B71DD5C5C200A71CDA /* Base */,
			);
			name = LaunchScreen.storyboard;
			sourceTree = "<group>";
		};
/* End PBXVariantGroup section */

/* Begin XCBuildConfiguration section */
		F3D699D01DD5C5C200A71CDA /* Debug */ = {
			isa = XCBuildConfiguration;
			buildSettings = {
				ALWAYS_SEARCH_USER_PATHS = NO;
				CLANG_ANALYZER_NONNULL = YES;
				CLANG_CXX_LANGUAGE_STANDARD = "gnu++0x";
				CLANG_CXX_LIBRARY = "libc++";
				CLANG_ENABLE_MODULES = YES;
				CLANG_ENABLE_OBJC_ARC = YES;
				CLANG_WARN_BOOL_CONVERSION = YES;
				CLANG_WARN_CONSTANT_CONVERSION = YES;
				CLANG_WARN_DIRECT_OBJC_ISA_USAGE = YES_ERROR;
				CLANG_WARN_DOCUMENTATION_COMMENTS = YES;
				CLANG_WARN_EMPTY_BODY = YES;
				CLANG_WARN_ENUM_CONVERSION = YES;
				CLANG_WARN_INFINITE_RECURSION = YES;
				CLANG_WARN_INT_CONVERSION = YES;
				CLANG_WARN_OBJC_ROOT_CLASS = YES_ERROR;
				CLANG_WARN_SUSPICIOUS_MOVES = YES;
				CLANG_WARN_UNREACHABLE_CODE = YES;
				CLANG_WARN__DUPLICATE_METHOD_MATCH = YES;
				"CODE_SIGN_IDENTITY[sdk=iphoneos*]" = "iPhone Developer";
				COPY_PHASE_STRIP = NO;
				DEBUG_INFORMATION_FORMAT = dwarf;
				ENABLE_STRICT_OBJC_MSGSEND = YES;
				ENABLE_TESTABILITY = YES;
				GCC_C_LANGUAGE_STANDARD = gnu99;
				GCC_DYNAMIC_NO_PIC = NO;
				GCC_NO_COMMON_BLOCKS = YES;
				GCC_OPTIMIZATION_LEVEL = 0;
				GCC_PREPROCESSOR_DEFINITIONS = (
					"DEBUG=1",
					"$(inherited)",
				);
				GCC_WARN_64_TO_32_BIT_CONVERSION = YES;
				GCC_WARN_ABOUT_RETURN_TYPE = YES_ERROR;
				GCC_WARN_UNDECLARED_SELECTOR = YES;
				GCC_WARN_UNINITIALIZED_AUTOS = YES_AGGRESSIVE;
				GCC_WARN_UNUSED_FUNCTION = YES;
				GCC_WARN_UNUSED_VARIABLE = YES;
				IPHONEOS_DEPLOYMENT_TARGET = 10.1;
				MTL_ENABLE_DEBUG_INFO = YES;
				ONLY_ACTIVE_ARCH = YES;
				SDKROOT = iphoneos;
			};
			name = Debug;
		};
		F3D699D11DD5C5C200A71CDA /* Release */ = {
			isa = XCBuildConfiguration;
			buildSettings = {
				ALWAYS_SEARCH_USER_PATHS = NO;
				CLANG_ANALYZER_NONNULL = YES;
				CLANG_CXX_LANGUAGE_STANDARD = "gnu++0x";
				CLANG_CXX_LIBRARY = "libc++";
				CLANG_ENABLE_MODULES = YES;
				CLANG_ENABLE_OBJC_ARC = YES;
				CLANG_WARN_BOOL_CONVERSION = YES;
				CLANG_WARN_CONSTANT_CONVERSION = YES;
				CLANG_WARN_DIRECT_OBJC_ISA_USAGE = YES_ERROR;
				CLANG_WARN_DOCUMENTATION_COMMENTS = YES;
				CLANG_WARN_EMPTY_BODY = YES;
				CLANG_WARN_ENUM_CONVERSION = YES;
				CLANG_WARN_INFINITE_RECURSION = YES;
				CLANG_WARN_INT_CONVERSION = YES;
				CLANG_WARN_OBJC_ROOT_CLASS = YES_ERROR;
				CLANG_WARN_SUSPICIOUS_MOVES = YES;
				CLANG_WARN_UNREACHABLE_CODE = YES;
				CLANG_WARN__DUPLICATE_METHOD_MATCH = YES;
				"CODE_SIGN_IDENTITY[sdk=iphoneos*]" = "iPhone Developer";
				COPY_PHASE_STRIP = NO;
				DEBUG_INFORMATION_FORMAT = "dwarf-with-dsym";
				ENABLE_NS_ASSERTIONS = NO;
				ENABLE_STRICT_OBJC_MSGSEND = YES;
				GCC_C_LANGUAGE_STANDARD = gnu99;
				GCC_NO_COMMON_BLOCKS = YES;
				GCC_WARN_64_TO_32_BIT_CONVERSION = YES;
				GCC_WARN_ABOUT_RETURN_TYPE = YES_ERROR;
				GCC_WARN_UNDECLARED_SELECTOR = YES;
				GCC_WARN_UNINITIALIZED_AUTOS = YES_AGGRESSIVE;
				GCC_WARN_UNUSED_FUNCTION = YES;
				GCC_WARN_UNUSED_VARIABLE = YES;
				IPHONEOS_DEPLOYMENT_TARGET = 10.1;
				MTL_ENABLE_DEBUG_INFO = NO;
				SDKROOT = iphoneos;
				VALIDATE_PRODUCT = YES;
			};
			name = Release;
		};
		F3D699D31DD5C5C200A71CDA /* Debug */ = {
			isa = XCBuildConfiguration;
			buildSettings = {
				ASSETCATALOG_COMPILER_APPICON_NAME = AppIcon;
				INFOPLIST_FILE = "横向时间轴/Info.plist";
				LD_RUNPATH_SEARCH_PATHS = "$(inherited) @executable_path/Frameworks";
				PRODUCT_BUNDLE_IDENTIFIER = "com.qianmo.-----";
				PRODUCT_NAME = "$(TARGET_NAME)";
			};
			name = Debug;
		};
		F3D699D41DD5C5C200A71CDA /* Release */ = {
			isa = XCBuildConfiguration;
			buildSettings = {
				ASSETCATALOG_COMPILER_APPICON_NAME = AppIcon;
				INFOPLIST_FILE = "横向时间轴/Info.plist";
				LD_RUNPATH_SEARCH_PATHS = "$(inherited) @executable_path/Frameworks";
				PRODUCT_BUNDLE_IDENTIFIER = "com.qianmo.-----";
				PRODUCT_NAME = "$(TARGET_NAME)";
			};
			name = Release;
		};
		F3D699D61DD5C5C200A71CDA /* Debug */ = {
			isa = XCBuildConfiguration;
			buildSettings = {
				BUNDLE_LOADER = "$(TEST_HOST)";
				INFOPLIST_FILE = "横向时间轴Tests/Info.plist";
				LD_RUNPATH_SEARCH_PATHS = "$(inherited) @executable_path/Frameworks @loader_path/Frameworks";
				PRODUCT_BUNDLE_IDENTIFIER = "com.qianmo.-----Tests";
				PRODUCT_NAME = "$(TARGET_NAME)";
				TEST_HOST = "$(BUILT_PRODUCTS_DIR)/横向时间轴.app/横向时间轴";
			};
			name = Debug;
		};
		F3D699D71DD5C5C200A71CDA /* Release */ = {
			isa = XCBuildConfiguration;
			buildSettings = {
				BUNDLE_LOADER = "$(TEST_HOST)";
				INFOPLIST_FILE = "横向时间轴Tests/Info.plist";
				LD_RUNPATH_SEARCH_PATHS = "$(inherited) @executable_path/Frameworks @loader_path/Frameworks";
				PRODUCT_BUNDLE_IDENTIFIER = "com.qianmo.-----Tests";
				PRODUCT_NAME = "$(TARGET_NAME)";
				TEST_HOST = "$(BUILT_PRODUCTS_DIR)/横向时间轴.app/横向时间轴";
			};
			name = Release;
		};
		F3D699D91DD5C5C200A71CDA /* Debug */ = {
			isa = XCBuildConfiguration;
			buildSettings = {
				INFOPLIST_FILE = "横向时间轴UITests/Info.plist";
				LD_RUNPATH_SEARCH_PATHS = "$(inherited) @executable_path/Frameworks @loader_path/Frameworks";
				PRODUCT_BUNDLE_IDENTIFIER = "com.qianmo.-----UITests";
				PRODUCT_NAME = "$(TARGET_NAME)";
				TEST_TARGET_NAME = "横向时间轴";
			};
			name = Debug;
		};
		F3D699DA1DD5C5C200A71CDA /* Release */ = {
			isa = XCBuildConfiguration;
			buildSettings = {
				INFOPLIST_FILE = "横向时间轴UITests/Info.plist";
				LD_RUNPATH_SEARCH_PATHS = "$(inherited) @executable_path/Frameworks @loader_path/Frameworks";
				PRODUCT_BUNDLE_IDENTIFIER = "com.qianmo.-----UITests";
				PRODUCT_NAME = "$(TARGET_NAME)";
				TEST_TARGET_NAME = "横向时间轴";
			};
			name = Release;
		};
/* End XCBuildConfiguration section */

/* Begin XCConfigurationList section */
		F3D699A01DD5C5C200A71CDA /* Build configuration list for PBXProject "横向时间轴" */ = {
			isa = XCConfigurationList;
			buildConfigurations = (
				F3D699D01DD5C5C200A71CDA /* Debug */,
				F3D699D11DD5C5C200A71CDA /* Release */,
			);
			defaultConfigurationIsVisible = 0;
			defaultConfigurationName = Release;
		};
		F3D699D21DD5C5C200A71CDA /* Build configuration list for PBXNativeTarget "横向时间轴" */ = {
			isa = XCConfigurationList;
			buildConfigurations = (
				F3D699D31DD5C5C200A71CDA /* Debug */,
				F3D699D41DD5C5C200A71CDA /* Release */,
			);
			defaultConfigurationIsVisible = 0;
		};
		F3D699D51DD5C5C200A71CDA /* Build configuration list for PBXNativeTarget "横向时间轴Tests" */ = {
			isa = XCConfigurationList;
			buildConfigurations = (
				F3D699D61DD5C5C200A71CDA /* Debug */,
				F3D699D71DD5C5C200A71CDA /* Release */,
			);
			defaultConfigurationIsVisible = 0;
		};
		F3D699D81DD5C5C200A71CDA /* Build configuration list for PBXNativeTarget "横向时间轴UITests" */ = {
			isa = XCConfigurationList;
			buildConfigurations = (
				F3D699D91DD5C5C200A71CDA /* Debug */,
				F3D699DA1DD5C5C200A71CDA /* Release */,
			);
			defaultConfigurationIsVisible = 0;
		};
/* End XCConfigurationList section */
	};
	rootObject = F3D6999D1DD5C5C200A71CDA /* Project object */;
}
